
Microsoft Visual Studio Solution File, Format Version 12.00
Project("{FAE04EC0-301F-11D3-BF4B-00C04F79EFBC}") = "NuGetWorkflow", "src\NuGetWorkflow\NuGetWorkflow.csproj", "{FC584470-F07C-4697-BC24-2CF6A80B9823}"
EndProject
Project("{FAE04EC0-301F-11D3-BF4B-00C04F79EFBC}") = "NuGetWorkflow.Test", "tests\NuGetWorkflow.Test\NuGetWorkflow.Test.csproj", "{8E3C534D-004F-4FBB-B5F2-661743DF7AE8}"
EndProject
Global
	GlobalSection(SolutionConfigurationPlatforms) = preSolution
		Debug|Any CPU = Debug|Any CPU
		Release|Any CPU = Release|Any CPU
	EndGlobalSection
	GlobalSection(ProjectConfigurationPlatforms) = postSolution
		{FC584470-F07C-4697-BC24-2CF6A80B9823}.Debug|Any CPU.ActiveCfg = Debug|Any CPU
		{FC584470-F07C-4697-BC24-2CF6A80B9823}.Debug|Any CPU.Build.0 = Debug|Any CPU
		{FC584470-F07C-4697-BC24-2CF6A80B9823}.Release|Any CPU.ActiveCfg = Release|Any CPU
		{FC584470-F07C-4697-BC24-2CF6A80B9823}.Release|Any CPU.Build.0 = Release|Any CPU
		{8E3C534D-004F-4FBB-B5F2-661743DF7AE8}.Debug|Any CPU.ActiveCfg = Debug|Any CPU
		{8E3C534D-004F-4FBB-B5F2-661743DF7AE8}.Debug|Any CPU.Build.0 = Debug|Any CPU
		{8E3C534D-004F-4FBB-B5F2-661743DF7AE8}.Release|Any CPU.ActiveCfg = Release|Any CPU
		{8E3C534D-004F-4FBB-B5F2-661743DF7AE8}.Release|Any CPU.Build.0 = Release|Any CPU
	EndGlobalSection
EndGlobal
